<?xml version="1.0" encoding="utf-8"?>
<Project ToolsVersion="4.0" xmlns="http://schemas.microsoft.com/developer/msbuild/2003">
  <ItemGroup>
    <Filter Include="Source Files">
      <UniqueIdentifier>{4FC737F1-C7A5-4376-A066-2A32D752A2FF}</UniqueIdentifier>
      <Extensions>cpp;c;cc;cxx;def;odl;idl;hpj;bat;asm;asmx</Extensions>
    </Filter>
    <Filter Include="Header Files">
      <UniqueIdentifier>{3721415a-4966-4bae-ac57-05a3374c1e41}</UniqueIdentifier>
    </Filter>
  </ItemGroup>
  <ItemGroup>
    <ClCompile Include="main.cpp">
      <Filter>Source Files</Filter>
    </ClCompile>
    <ClCompile Include="SensorsViewer.cpp">
      <Filter>Source Files</Filter>
    </ClCompile>
    <ClCompile Include="ObjectBoundingBox.cpp">
      <Filter>Source Files</Filter>
    </ClCompile>
    <ClCompile Include="ObjectBoundingBox2D.cpp">
      <Filter>Source Files</Filter>
    </ClCompile>
    <ClCompile Include="Picto3D.cpp">
      <Filter>Source Files</Filter>
    </ClCompile>
    <ClCompile Include="SensorViewerPixelLightingConfig.cpp">
      <Filter>Source Files</Filter>
    </ClCompile>
  </ItemGroup>
  <ItemGroup>
    <ClInclude Include="SensorsViewer.h">
      <Filter>Header Files</Filter>
    </ClInclude>
    <ClInclude Include="ObjectBoundingBox.h">
      <Filter>Header Files</Filter>
    </ClInclude>
    <ClInclude Include="ObjectBoundingBox2D.h">
      <Filter>Header Files</Filter>
    </ClInclude>
    <ClInclude Include="Picto3D.h">
      <Filter>Header Files</Filter>
    </ClInclude>
    <ClInclude Include="SensorViewerPixelLightingConfig.h">
      <Filter>Header Files</Filter>
    </ClInclude>
  </ItemGroup>
</Project>